
Microsoft Visual Studio Solution File, Format Version 12.00
# Visual Studio Version 16
VisualStudioVersion = 16.0.30413.136
MinimumVisualStudioVersion = 10.0.40219.1
Project("{FAE04EC0-301F-11D3-BF4B-00C04F79EFBC}") = "Zombie_Killer", "Zombie Killer\Zombie_Killer.csproj", "{2C569809-0B6B-4947-AC8E-EB4641C89ACB}"
EndProject
Project("{9A19103F-16F7-4668-BE54-9A1E7A4F7556}") = "UnitTestProject1", "..\..\TaP\Distinction-Task\UnitTestProject1\UnitTestProject1.csproj", "{0ACD8268-1DD1-40E5-87AF-2DBD0B561D28}"
EndProject
Global
	GlobalSection(SolutionConfigurationPlatforms) = preSolution
		Debug|Any CPU = Debug|Any CPU
		Release|Any CPU = Release|Any CPU
	EndGlobalSection
	GlobalSection(ProjectConfigurationPlatforms) = postSolution
		{2C569809-0B6B-4947-AC8E-EB4641C89ACB}.Debug|Any CPU.ActiveCfg = Debug|Any CPU
		{2C569809-0B6B-4947-AC8E-EB4641C89ACB}.Debug|Any CPU.Build.0 = Debug|Any CPU
		{2C569809-0B6B-4947-AC8E-EB4641C89ACB}.Release|Any CPU.ActiveCfg = Release|Any CPU
		{2C569809-0B6B-4947-AC8E-EB4641C89ACB}.Release|Any CPU.Build.0 = Release|Any CPU
		{0ACD8268-1DD1-40E5-87AF-2DBD0B561D28}.Debug|Any CPU.ActiveCfg = Debug|Any CPU
		{0ACD8268-1DD1-40E5-87AF-2DBD0B561D28}.Debug|Any CPU.Build.0 = Debug|Any CPU
		{0ACD8268-1DD1-40E5-87AF-2DBD0B561D28}.Release|Any CPU.ActiveCfg = Release|Any CPU
		{0ACD8268-1DD1-40E5-87AF-2DBD0B561D28}.Release|Any CPU.Build.0 = Release|Any CPU
	EndGlobalSection
	GlobalSection(SolutionProperties) = preSolution
		HideSolutionNode = FALSE
	EndGlobalSection
	GlobalSection(ExtensibilityGlobals) = postSolution
		SolutionGuid = {5FAB2900-AED9-46C6-BDF3-9F53F4F982F7}
	EndGlobalSection
EndGlobal
